// !$*UTF8*$!
{
	archiveVersion = 1;
	classes = {
	};
	objectVersion = 46;
	objects = {

/* Begin PBXBuildFile section */
		FDF71B931D7E041000FF9A56 /* AppDelegate.swift in Sources */ = {isa = PBXBuildFile; fileRef = FDF71B921D7E041000FF9A56 /* AppDelegate.swift */; };
		FDF71B951D7E041000FF9A56 /* ViewController.swift in Sources */ = {isa = PBXBuildFile; fileRef = FDF71B941D7E041000FF9A56 /* ViewController.swift */; };
		FDF71B981D7E041000FF9A56 /* Main.storyboard in Resources */ = {isa = PBXBuildFile; fileRef = FDF71B961D7E041000FF9A56 /* Main.storyboard */; };
		FDF71B9A1D7E041100FF9A56 /* Assets.xcassets in Resources */ = {isa = PBXBuildFile; fileRef = FDF71B991D7E041100FF9A56 /* Assets.xcassets */; };
		FDF71B9D1D7E041100FF9A56 /* LaunchScreen.storyboard in Resources */ = {isa = PBXBuildFile; fileRef = FDF71B9B1D7E041100FF9A56 /* LaunchScreen.storyboard */; };
/* End PBXBuildFile section */

/* Begin PBXFileReference section */
		FDF71B8F1D7E041000FF9A56 /* Prueba 1.app */ = {isa = PBXFileReference; explicitFileType = wrapper.application; includeInIndex = 0; path = "Prueba 1.app"; sourceTree = BUILT_PRODUCTS_DIR; };
		FDF71B921D7E041000FF9A56 /* AppDelegate.swift */ = {isa = PBXFileReference; lastKnownFileType = sourcecode.swift; path = AppDelegate.swift; sourceTree = "<group>"; };
		FDF71B941D7E041000FF9A56 /* ViewController.swift */ = {isa = PBXFileReference; lastKnownFileType = sourcecode.swift; path = ViewController.swift; sourceTree = "<group>"; };
		FDF71B971D7E041000FF9A56 /* Base */ = {isa = PBXFileReference; lastKnownFileType = file.storyboard; name = Base; path = Base.lproj/Main.storyboard; sourceTree = "<group>"; };
		FDF71B991D7E041100FF9A56 /* Assets.xcassets */ = {isa = PBXFileReference; lastKnownFileType = folder.assetcatalog; path = Assets.xcassets; sourceTree = "<group>"; };
		FDF71B9C1D7E041100FF9A56 /* Base */ = {isa = PBXFileReference; lastKnownFileType = file.storyboard; name = Base; path = Base.lproj/LaunchScreen.storyboard; sourceTree = "<group>"; };
		FDF71B9E1D7E041100FF9A56 /* Info.plist */ = {isa = PBXFileReference; lastKnownFileType = text.plist.xml; path = Info.plist; sourceTree = "<group>"; };
/* End PBXFileReference section */

/* Begin PBXFrameworksBuildPhase section */
		FDF71B8C1D7E041000FF9A56 /* Frameworks */ = {
			isa = PBXFrameworksBuildPhase;
			buildActionMask = 2147483647;
			files = (
			);
			runOnlyForDeploymentPostprocessing = 0;
		};
/* End PBXFrameworksBuildPhase section */

/* Begin PBXGroup section */
		FDF71B861D7E041000FF9A56 = {
			isa = PBXGroup;
			children = (
				FDF71B911D7E041000FF9A56 /* Prueba 1 */,
				FDF71B901D7E041000FF9A56 /* Products */,
			);
			sourceTree = "<group>";
		};
		FDF71B901D7E041000FF9A56 /* Products */ = {
			isa = PBXGroup;
			children = (
				FDF71B8F1D7E041000FF9A56 /* Prueba 1.app */,
			);
			name = Products;
			sourceTree = "<group>";
		};
		FDF71B911D7E041000FF9A56 /* Prueba 1 */ = {
			isa = PBXGroup;
			children = (
				FDF71B921D7E041000FF9A56 /* AppDelegate.swift */,
				FDF71B941D7E041000FF9A56 /* ViewController.swift */,
				FDF71B961D7E041000FF9A56 /* Main.storyboard */,
				FDF71B991D7E041100FF9A56 /* Assets.xcassets */,
				FDF71B9B1D7E041100FF9A56 /* LaunchScreen.storyboard */,
				FDF71B9E1D7E041100FF9A56 /* Info.plist */,
			);
			path = "Prueba 1";
			sourceTree = "<group>";
		};
/* End PBXGroup section */

/* Begin PBXNativeTarget section */
		FDF71B8E1D7E041000FF9A56 /* Prueba 1 */ = {
			isa = PBXNativeTarget;
			buildConfigurationList = FDF71BA11D7E041100FF9A56 /* Build configuration list for PBXNativeTarget "Prueba 1" */;
			buildPhases = (
				FDF71B8B1D7E041000FF9A56 /* Sources */,
				FDF71B8C1D7E041000FF9A56 /* Frameworks */,
				FDF71B8D1D7E041000FF9A56 /* Resources */,
			);
			buildRules = (
			);
			dependencies = (
			);
			name = "Prueba 1";
			productName = "Prueba 1";
			productReference = FDF71B8F1D7E041000FF9A56 /* Prueba 1.app */;
			productType = "com.apple.product-type.application";
		};
/* End PBXNativeTarget section */

/* Begin PBXProject section */
		FDF71B871D7E041000FF9A56 /* Project object */ = {
			isa = PBXProject;
			attributes = {
				LastSwiftUpdateCheck = 0730;
				LastUpgradeCheck = 0730;
				ORGANIZATIONNAME = "Jorge Andres Sanchez";
				TargetAttributes = {
					FDF71B8E1D7E041000FF9A56 = {
						CreatedOnToolsVersion = 7.3.1;
					};
				};
			};
			buildConfigurationList = FDF71B8A1D7E041000FF9A56 /* Build configuration list for PBXProject "Prueba 1" */;
			compatibilityVersion = "Xcode 3.2";
			developmentRegion = English;
			hasScannedForEncodings = 0;
			knownRegions = (
				en,
				Base,
			);
			mainGroup = FDF71B861D7E041000FF9A56;
			productRefGroup = FDF71B901D7E041000FF9A56 /* Products */;
			projectDirPath = "";
			projectRoot = "";
			targets = (
				FDF71B8E1D7E041000FF9A56 /* Prueba 1 */,
			);
		};
/* End PBXProject section */

/* Begin PBXResourcesBuildPhase section */
		FDF71B8D1D7E041000FF9A56 /* Resources */ = {
			isa = PBXResourcesBuildPhase;
			buildActionMask = 2147483647;
			files = (
				FDF71B9D1D7E041100FF9A56 /* LaunchScreen.storyboard in Resources */,
				FDF71B9A1D7E041100FF9A56 /* Assets.xcassets in Resources */,
				FDF71B981D7E041000FF9A56 /* Main.storyboard in Resources */,
			);
			runOnlyForDeploymentPostprocessing = 0;
		};
/* End PBXResourcesBuildPhase section */

/* Begin PBXSourcesBuildPhase section */
		FDF71B8B1D7E041000FF9A56 /* Sources */ = {
			isa = PBXSourcesBuildPhase;
			buildActionMask = 2147483647;
			files = (
				FDF71B951D7E041000FF9A56 /* ViewController.swift in Sources */,
				FDF71B931D7E041000FF9A56 /* AppDelegate.swift in Sources */,
			);
			runOnlyForDeploymentPostprocessing = 0;
		};
/* End PBXSourcesBuildPhase section */

/* Begin PBXVariantGroup section */
		FDF71B961D7E041000FF9A56 /* Main.storyboard */ = {
			isa = PBXVariantGroup;
			children = (
				FDF71B971D7E041000FF9A56 /* Base */,
			);
			name = Main.storyboard;
			sourceTree = "<group>";
		};
		FDF71B9B1D7E041100FF9A56 /* LaunchScreen.storyboard */ = {
			isa = PBXVariantGroup;
			children = (
				FDF71B9C1D7E041100FF9A56 /* Base */,
			);
			name = LaunchScreen.storyboard;
			sourceTree = "<group>";
		};
/* End PBXVariantGroup section */

/* Begin XCBuildConfiguration section */
		FDF71B9F1D7E041100FF9A56 /* Debug */ = {
			isa = XCBuildConfiguration;
			buildSettings = {
				ALWAYS_SEARCH_USER_PATHS = NO;
				CLANG_ANALYZER_NONNULL = YES;
				CLANG_CXX_LANGUAGE_STANDARD = "gnu++0x";
				CLANG_CXX_LIBRARY = "libc++";
				CLANG_ENABLE_MODULES = YES;
				CLANG_ENABLE_OBJC_ARC = YES;
				CLANG_WARN_BOOL_CONVERSION = YES;
				CLANG_WARN_CONSTANT_CONVERSION = YES;
				CLANG_WARN_DIRECT_OBJC_ISA_USAGE = YES_ERROR;
				CLANG_WARN_EMPTY_BODY = YES;
				CLANG_WARN_ENUM_CONVERSION = YES;
				CLANG_WARN_INT_CONVERSION = YES;
				CLANG_WARN_OBJC_ROOT_CLASS = YES_ERROR;
				CLANG_WARN_UNREACHABLE_CODE = YES;
				CLANG_WARN__DUPLICATE_METHOD_MATCH = YES;
				"CODE_SIGN_IDENTITY[sdk=iphoneos*]" = "iPhone Developer";
				COPY_PHASE_STRIP = NO;
				DEBUG_INFORMATION_FORMAT = dwarf;
				ENABLE_STRICT_OBJC_MSGSEND = YES;
				ENABLE_TESTABILITY = YES;
				GCC_C_LANGUAGE_STANDARD = gnu99;
				GCC_DYNAMIC_NO_PIC = NO;
				GCC_NO_COMMON_BLOCKS = YES;
				GCC_OPTIMIZATION_LEVEL = 0;
				GCC_PREPROCESSOR_DEFINITIONS = (
					"DEBUG=1",
					"$(inherited)",
				);
				GCC_WARN_64_TO_32_BIT_CONVERSION = YES;
				GCC_WARN_ABOUT_RETURN_TYPE = YES_ERROR;
				GCC_WARN_UNDECLARED_SELECTOR = YES;
				GCC_WARN_UNINITIALIZED_AUTOS = YES_AGGRESSIVE;
				GCC_WARN_UNUSED_FUNCTION = YES;
				GCC_WARN_UNUSED_VARIABLE = YES;
				IPHONEOS_DEPLOYMENT_TARGET = 9.3;
				MTL_ENABLE_DEBUG_INFO = YES;
				ONLY_ACTIVE_ARCH = YES;
				SDKROOT = iphoneos;
				SWIFT_OPTIMIZATION_LEVEL = "-Onone";
			};
			name = Debug;
		};
		FDF71BA01D7E041100FF9A56 /* Release */ = {
			isa = XCBuildConfiguration;
			buildSettings = {
				ALWAYS_SEARCH_USER_PATHS = NO;
				CLANG_ANALYZER_NONNULL = YES;
				CLANG_CXX_LANGUAGE_STANDARD = "gnu++0x";
				CLANG_CXX_LIBRARY = "libc++";
				CLANG_ENABLE_MODULES = YES;
				CLANG_ENABLE_OBJC_ARC = YES;
				CLANG_WARN_BOOL_CONVERSION = YES;
				CLANG_WARN_CONSTANT_CONVERSION = YES;
				CLANG_WARN_DIRECT_OBJC_ISA_USAGE = YES_ERROR;
				CLANG_WARN_EMPTY_BODY = YES;
				CLANG_WARN_ENUM_CONVERSION = YES;
				CLANG_WARN_INT_CONVERSION = YES;
				CLANG_WARN_OBJC_ROOT_CLASS = YES_ERROR;
				CLANG_WARN_UNREACHABLE_CODE = YES;
				CLANG_WARN__DUPLICATE_METHOD_MATCH = YES;
				"CODE_SIGN_IDENTITY[sdk=iphoneos*]" = "iPhone Developer";
				COPY_PHASE_STRIP = NO;
				DEBUG_INFORMATION_FORMAT = "dwarf-with-dsym";
				ENABLE_NS_ASSERTIONS = NO;
				ENABLE_STRICT_OBJC_MSGSEND = YES;
				GCC_C_LANGUAGE_STANDARD = gnu99;
				GCC_NO_COMMON_BLOCKS = YES;
				GCC_WARN_64_TO_32_BIT_CONVERSION = YES;
				GCC_WARN_ABOUT_RETURN_TYPE = YES_ERROR;
				GCC_WARN_UNDECLARED_SELECTOR = YES;
				GCC_WARN_UNINITIALIZED_AUTOS = YES_AGGRESSIVE;
				GCC_WARN_UNUSED_FUNCTION = YES;
				GCC_WARN_UNUSED_VARIABLE = YES;
				IPHONEOS_DEPLOYMENT_TARGET = 9.3;
				MTL_ENABLE_DEBUG_INFO = NO;
				SDKROOT = iphoneos;
				VALIDATE_PRODUCT = YES;
			};
			name = Release;
		};
		FDF71BA21D7E041100FF9A56 /* Debug */ = {
			isa = XCBuildConfiguration;
			buildSettings = {
				ASSETCATALOG_COMPILER_APPICON_NAME = AppIcon;
				INFOPLIST_FILE = "Prueba 1/Info.plist";
				LD_RUNPATH_SEARCH_PATHS = "$(inherited) @executable_path/Frameworks";
				PRODUCT_BUNDLE_IDENTIFIER = "com.Deepen.Prueba-1";
				PRODUCT_NAME = "$(TARGET_NAME)";
			};
			name = Debug;
		};
		FDF71BA31D7E041100FF9A56 /* Release */ = {
			isa = XCBuildConfiguration;
			buildSettings = {
				ASSETCATALOG_COMPILER_APPICON_NAME = AppIcon;
				INFOPLIST_FILE = "Prueba 1/Info.plist";
				LD_RUNPATH_SEARCH_PATHS = "$(inherited) @executable_path/Frameworks";
				PRODUCT_BUNDLE_IDENTIFIER = "com.Deepen.Prueba-1";
				PRODUCT_NAME = "$(TARGET_NAME)";
			};
			name = Release;
		};
/* End XCBuildConfiguration section */

/* Begin XCConfigurationList section */
		FDF71B8A1D7E041000FF9A56 /* Build configuration list for PBXProject "Prueba 1" */ = {
			isa = XCConfigurationList;
			buildConfigurations = (
				FDF71B9F1D7E041100FF9A56 /* Debug */,
				FDF71BA01D7E041100FF9A56 /* Release */,
			);
			defaultConfigurationIsVisible = 0;
			defaultConfigurationName = Release;
		};
		FDF71BA11D7E041100FF9A56 /* Build configuration list for PBXNativeTarget "Prueba 1" */ = {
			isa = XCConfigurationList;
			buildConfigurations = (
				FDF71BA21D7E041100FF9A56 /* Debug */,
				FDF71BA31D7E041100FF9A56 /* Release */,
			);
			defaultConfigurationIsVisible = 0;
		};
/* End XCConfigurationList section */
	};
	rootObject = FDF71B871D7E041000FF9A56 /* Project object */;
}
